
Microsoft Visual Studio Solution File, Format Version 12.00
# Visual Studio Version 16
VisualStudioVersion = 16.0.29215.179
MinimumVisualStudioVersion = 10.0.40219.1
Project("{9A19103F-16F7-4668-BE54-9A1E7A4F7556}") = "StockportGovUK.AspNetCore.Gateways", "StockportGovUK.AspNetCore.Gateways.csproj", "{F2BA6B21-5F99-4977-BF1C-AD20E5C43051}"
EndProject
Global
	GlobalSection(SolutionConfigurationPlatforms) = preSolution
		Debug|Any CPU = Debug|Any CPU
		Release|Any CPU = Release|Any CPU
	EndGlobalSection
	GlobalSection(ProjectConfigurationPlatforms) = postSolution
		{F2BA6B21-5F99-4977-BF1C-AD20E5C43051}.Debug|Any CPU.ActiveCfg = Debug|Any CPU
		{F2BA6B21-5F99-4977-BF1C-AD20E5C43051}.Debug|Any CPU.Build.0 = Debug|Any CPU
		{F2BA6B21-5F99-4977-BF1C-AD20E5C43051}.Release|Any CPU.ActiveCfg = Release|Any CPU
		{F2BA6B21-5F99-4977-BF1C-AD20E5C43051}.Release|Any CPU.Build.0 = Release|Any CPU
	EndGlobalSection
	GlobalSection(SolutionProperties) = preSolution
		HideSolutionNode = FALSE
	EndGlobalSection
	GlobalSection(ExtensibilityGlobals) = postSolution
		SolutionGuid = {EB7CD312-AA96-4A71-9683-939B9A6CEDEF}
	EndGlobalSection
EndGlobal
